
Microsoft Visual Studio Solution File, Format Version 12.00
# Visual Studio Version 17
VisualStudioVersion = 17.10.34928.147
MinimumVisualStudioVersion = 10.0.40219.1
Project("{FAE04EC0-301F-11D3-BF4B-00C04F79EFBC}") = "MouseThroughWindow", "MouseThroughWindow.csproj", "{CF277DFE-F590-4E9C-9FB8-26C6B3633854}"
EndProject
Global
	GlobalSection(SolutionConfigurationPlatforms) = preSolution
		Debug|Any CPU = Debug|Any CPU
		Release|Any CPU = Release|Any CPU
	EndGlobalSection
	GlobalSection(ProjectConfigurationPlatforms) = postSolution
		{CF277DFE-F590-4E9C-9FB8-26C6B3633854}.Debug|Any CPU.ActiveCfg = Debug|Any CPU
		{CF277DFE-F590-4E9C-9FB8-26C6B3633854}.Debug|Any CPU.Build.0 = Debug|Any CPU
		{CF277DFE-F590-4E9C-9FB8-26C6B3633854}.Release|Any CPU.ActiveCfg = Release|Any CPU
		{CF277DFE-F590-4E9C-9FB8-26C6B3633854}.Release|Any CPU.Build.0 = Release|Any CPU
	EndGlobalSection
	GlobalSection(SolutionProperties) = preSolution
		HideSolutionNode = FALSE
	EndGlobalSection
	GlobalSection(ExtensibilityGlobals) = postSolution
		SolutionGuid = {31D8893D-66B0-4322-A594-FA6DD34472CA}
	EndGlobalSection
EndGlobal
